<?xml version="1.0" encoding="Windows-1252"?>
<Project ToolsVersion="12.0" xmlns="http://schemas.microsoft.com/developer/msbuild/2003">
  <ItemGroup>
    <ClCompile Include="source\convnet\ConvNet.cpp">
      <Filter>Source Files</Filter>
    </ClCompile>
    <ClCompile Include="source\convnet\DQN.cpp">
      <Filter>Source Files</Filter>
    </ClCompile>
    <ClCompile Include="source\convnet\Layer.cpp">
      <Filter>Source Files</Filter>
    </ClCompile>
    <ClCompile Include="source\convnet\layers\ConvLayer.cpp">
      <Filter>Source Files</Filter>
    </ClCompile>
    <ClCompile Include="source\convnet\layers\MaxPoolingLayer.cpp">
      <Filter>Source Files</Filter>
    </ClCompile>
    <ClCompile Include="source\Main.cpp">
      <Filter>Source Files</Filter>
    </ClCompile>
    <ClCompile Include="source\rl\CSRL.cpp">
      <Filter>Source Files</Filter>
    </ClCompile>
    <ClCompile Include="source\rl\SDRRL.cpp">
      <Filter>Source Files</Filter>
    </ClCompile>
    <ClCompile Include="source\sdr\PredictiveRSDR.cpp">
      <Filter>Source Files</Filter>
    </ClCompile>
    <ClCompile Include="source\sdr\RSDR.cpp">
      <Filter>Source Files</Filter>
    </ClCompile>
    <ClCompile Include="source\vis\Plot.cpp">
      <Filter>Source Files</Filter>
    </ClCompile>
    <ClCompile Include="source\duktape\duktape.c" />
    <ClCompile Include="source\action\Block.cpp" />
  </ItemGroup>
  <ItemGroup>
    <ClInclude Include="source\convnet\ConvNet.h">
      <Filter>Header Files</Filter>
    </ClInclude>
    <ClInclude Include="source\convnet\DQN.h">
      <Filter>Header Files</Filter>
    </ClInclude>
    <ClInclude Include="source\convnet\Layer.h">
      <Filter>Header Files</Filter>
    </ClInclude>
    <ClInclude Include="source\convnet\layers\ConvLayer.h">
      <Filter>Header Files</Filter>
    </ClInclude>
    <ClInclude Include="source\convnet\layers\InputLayer.h">
      <Filter>Header Files</Filter>
    </ClInclude>
    <ClInclude Include="source\convnet\layers\MaxPoolingLayer.h">
      <Filter>Header Files</Filter>
    </ClInclude>
    <ClInclude Include="source\convnet\Map.h">
      <Filter>Header Files</Filter>
    </ClInclude>
    <ClInclude Include="source\rl\CSRL.h">
      <Filter>Header Files</Filter>
    </ClInclude>
    <ClInclude Include="source\rl\SDRRL.h">
      <Filter>Header Files</Filter>
    </ClInclude>
    <ClInclude Include="source\sdr\PredictiveRSDR.h">
      <Filter>Header Files</Filter>
    </ClInclude>
    <ClInclude Include="source\sdr\RSDR.h">
      <Filter>Header Files</Filter>
    </ClInclude>
    <ClInclude Include="source\Settings.h">
      <Filter>Header Files</Filter>
    </ClInclude>
    <ClInclude Include="source\vis\Plot.h">
      <Filter>Header Files</Filter>
    </ClInclude>
    <ClInclude Include="source\duktape\duktape.h" />
    <ClInclude Include="source\duktape\duk_config.h" />
    <ClInclude Include="source\action\Block.h" />
  </ItemGroup>
  <ItemGroup>
    <CustomBuild Include="CMakeLists.txt" />
  </ItemGroup>
  <ItemGroup>
    <Filter Include="Source Files">
      <UniqueIdentifier>{A95C964D-CBD0-407E-A39C-6641D4BA8CB1}</UniqueIdentifier>
    </Filter>
    <Filter Include="Header Files">
      <UniqueIdentifier>{1D88BA3C-50B3-466B-8FFB-9E33C26F8663}</UniqueIdentifier>
    </Filter>
  </ItemGroup>
</Project>